{
  "name": "Q6",
  "lockfileVersion": 3,
  "requires": true,
  "packages": {
    "": {
      "dependencies": {
        "systeminformation": "^5.27.13"
      }
    },
    "node_modules/systeminformation": {
      "version": "5.27.13",
      "resolved": "https://registry.npmjs.org/systeminformation/-/systeminformation-5.27.13.tgz",
      "integrity": "sha512-geeE/7eNDoOhdc9j+qCsLlwbcyh0HnqhOZzmfNK4WBioWGUZbhwYrg+YZsZ3UJh4tmybQsnDuqzr3UoumMifew==",
      "license": "MIT",
      "os": [
        "darwin",
        "linux",
        "win32",
        "freebsd",
        "openbsd",
        "netbsd",
        "sunos",
        "android"
      ],
      "bin": {
        "systeminformation": "lib/cli.js"
      },
      "engines": {
        "node": ">=8.0.0"
      },
      "funding": {
        "type": "Buy me a coffee",
        "url": "https://www.buymeacoffee.com/systeminfo"
      }
    }
  }
}
